
Microsoft Visual Studio Solution File, Format Version 12.00
# Visual Studio Version 17
VisualStudioVersion = 17.0.31903.59
MinimumVisualStudioVersion = 10.0.40219.1
Project("{9A19103F-16F7-4668-BE54-9A1E7A4F7556}") = "MicroCredit.API", "MicroCredit.API\MicroCredit.API.csproj", "{486919E3-C8C5-4D32-AD38-3B66FC1E6AC3}"
EndProject
Project("{9A19103F-16F7-4668-BE54-9A1E7A4F7556}") = "MicroCredit.Domain", "MicroCredit.Domain\MicroCredit.Domain.csproj", "{BA8EB8CC-30A7-4CF9-BBF6-36B3255E7F4E}"
EndProject
Project("{9A19103F-16F7-4668-BE54-9A1E7A4F7556}") = "MicroCredit.Application", "MicroCredit.Application\MicroCredit.Application.csproj", "{DFF0AA13-CABF-4387-B025-9CB76718ED2E}"
EndProject
Project("{9A19103F-16F7-4668-BE54-9A1E7A4F7556}") = "MicroCredit.Infrastructure", "MicroCredit.Infrastructure\MicroCredit.Infrastructure.csproj", "{B03F347B-CCF5-4DC7-B85B-798373A3CD14}"
EndProject
Project("{FAE04EC0-301F-11D3-BF4B-00C04F79EFBC}") = "MicroCredit.Tests", "MicroCredit.Tests\MicroCredit.Tests.csproj", "{968BE88F-6362-470F-81E2-35368461B6A5}"
EndProject
Global
	GlobalSection(SolutionConfigurationPlatforms) = preSolution
		Debug|Any CPU = Debug|Any CPU
		Release|Any CPU = Release|Any CPU
	EndGlobalSection
	GlobalSection(ProjectConfigurationPlatforms) = postSolution
		{486919E3-C8C5-4D32-AD38-3B66FC1E6AC3}.Debug|Any CPU.ActiveCfg = Debug|Any CPU
		{486919E3-C8C5-4D32-AD38-3B66FC1E6AC3}.Debug|Any CPU.Build.0 = Debug|Any CPU
		{486919E3-C8C5-4D32-AD38-3B66FC1E6AC3}.Release|Any CPU.ActiveCfg = Release|Any CPU
		{486919E3-C8C5-4D32-AD38-3B66FC1E6AC3}.Release|Any CPU.Build.0 = Release|Any CPU
		{BA8EB8CC-30A7-4CF9-BBF6-36B3255E7F4E}.Debug|Any CPU.ActiveCfg = Debug|Any CPU
		{BA8EB8CC-30A7-4CF9-BBF6-36B3255E7F4E}.Debug|Any CPU.Build.0 = Debug|Any CPU
		{BA8EB8CC-30A7-4CF9-BBF6-36B3255E7F4E}.Release|Any CPU.ActiveCfg = Release|Any CPU
		{BA8EB8CC-30A7-4CF9-BBF6-36B3255E7F4E}.Release|Any CPU.Build.0 = Release|Any CPU
		{DFF0AA13-CABF-4387-B025-9CB76718ED2E}.Debug|Any CPU.ActiveCfg = Debug|Any CPU
		{DFF0AA13-CABF-4387-B025-9CB76718ED2E}.Debug|Any CPU.Build.0 = Debug|Any CPU
		{DFF0AA13-CABF-4387-B025-9CB76718ED2E}.Release|Any CPU.ActiveCfg = Release|Any CPU
		{DFF0AA13-CABF-4387-B025-9CB76718ED2E}.Release|Any CPU.Build.0 = Release|Any CPU
		{B03F347B-CCF5-4DC7-B85B-798373A3CD14}.Debug|Any CPU.ActiveCfg = Debug|Any CPU
		{B03F347B-CCF5-4DC7-B85B-798373A3CD14}.Debug|Any CPU.Build.0 = Debug|Any CPU
		{B03F347B-CCF5-4DC7-B85B-798373A3CD14}.Release|Any CPU.ActiveCfg = Release|Any CPU
		{B03F347B-CCF5-4DC7-B85B-798373A3CD14}.Release|Any CPU.Build.0 = Release|Any CPU
		{968BE88F-6362-470F-81E2-35368461B6A5}.Debug|Any CPU.ActiveCfg = Debug|Any CPU
		{968BE88F-6362-470F-81E2-35368461B6A5}.Debug|Any CPU.Build.0 = Debug|Any CPU
		{968BE88F-6362-470F-81E2-35368461B6A5}.Release|Any CPU.ActiveCfg = Release|Any CPU
		{968BE88F-6362-470F-81E2-35368461B6A5}.Release|Any CPU.Build.0 = Release|Any CPU
	EndGlobalSection
	GlobalSection(SolutionProperties) = preSolution
		HideSolutionNode = FALSE
	EndGlobalSection
	GlobalSection(ExtensibilityGlobals) = postSolution
		SolutionGuid = {35EE9B9E-9F8F-4912-9D6C-635A2657FECF}
	EndGlobalSection
EndGlobal
